PODS:
  - FlutterMacOS (1.0.0)
  - system_windows (0.0.1):
    - FlutterMacOS

DEPENDENCIES:
  - FlutterMacOS (from `Flutter/ephemeral`)
  - system_windows (from `Flutter/ephemeral/.symlinks/plugins/system_windows/macos`)

EXTERNAL SOURCES:
  FlutterMacOS:
    :path: Flutter/ephemeral
  system_windows:
    :path: Flutter/ephemeral/.symlinks/plugins/system_windows/macos

SPEC CHECKSUMS:
  FlutterMacOS: 8f6f14fa908a6fb3fba0cd85dbd81ec4b251fb24
  system_windows: 1d0a8740f2b254ad26281f887e4d06f41b6ec077

PODFILE CHECKSUM: 236401fc2c932af29a9fcf0e97baeeb2d750d367

COCOAPODS: 1.11.3
